<?xml version="1.0" encoding="utf-8"?>
<Project ToolsVersion="4.0" xmlns="http://schemas.microsoft.com/developer/msbuild/2003">
  <ItemGroup>
    <Filter Include="Arachne">
      <UniqueIdentifier>{777D48A0-E35C-C73B-EC74-521258D32D9D}</UniqueIdentifier>
    </Filter>
    <Filter Include="Arachne\Events">
      <UniqueIdentifier>{7B7D4942-674B-3D48-50DF-AD6E3C4C19AD}</UniqueIdentifier>
    </Filter>
  </ItemGroup>
  <ItemGroup>
    <ClInclude Include="src\Arachne.h" />
    <ClInclude Include="src\Arachne\Application.h">
      <Filter>Arachne</Filter>
    </ClInclude>
    <ClInclude Include="src\Arachne\Core.h">
      <Filter>Arachne</Filter>
    </ClInclude>
    <ClInclude Include="src\Arachne\EntryPoint.h">
      <Filter>Arachne</Filter>
    </ClInclude>
    <ClInclude Include="src\Arachne\Events\ApplicationEvents.h">
      <Filter>Arachne\Events</Filter>
    </ClInclude>
    <ClInclude Include="src\Arachne\Events\Event.h">
      <Filter>Arachne\Events</Filter>
    </ClInclude>
    <ClInclude Include="src\Arachne\Events\KeyEvent.h">
      <Filter>Arachne\Events</Filter>
    </ClInclude>
    <ClInclude Include="src\Arachne\Events\MouseEvent.h">
      <Filter>Arachne\Events</Filter>
    </ClInclude>
    <ClInclude Include="src\Arachne\Log.h">
      <Filter>Arachne</Filter>
    </ClInclude>
    <ClInclude Include="src\arapch.h" />
  </ItemGroup>
  <ItemGroup>
    <ClCompile Include="src\Arachne\Application.cpp">
      <Filter>Arachne</Filter>
    </ClCompile>
    <ClCompile Include="src\Arachne\Log.cpp">
      <Filter>Arachne</Filter>
    </ClCompile>
    <ClCompile Include="src\arapch.cpp" />
  </ItemGroup>
</Project>