<?xml version="1.0" encoding="utf-8"?>
<Project ToolsVersion="4.0" xmlns="http://schemas.microsoft.com/developer/msbuild/2003">
  <ItemGroup>
    <Filter Include="Arachne">
      <UniqueIdentifier>{777D48A0-E35C-C73B-EC74-521258D32D9D}</UniqueIdentifier>
    </Filter>
  </ItemGroup>
  <ItemGroup>
    <ClInclude Include="src\Arachne.h" />
    <ClInclude Include="src\Arachne\Application.h">
      <Filter>Arachne</Filter>
    </ClInclude>
    <ClInclude Include="src\Arachne\Core.h">
      <Filter>Arachne</Filter>
    </ClInclude>
    <ClInclude Include="src\Arachne\EntryPoint.h">
      <Filter>Arachne</Filter>
    </ClInclude>
    <ClInclude Include="src\Arachne\Log.h">
      <Filter>Arachne</Filter>
    </ClInclude>
  </ItemGroup>
  <ItemGroup>
    <ClCompile Include="src\Arachne\Application.cpp">
      <Filter>Arachne</Filter>
    </ClCompile>
    <ClCompile Include="src\Arachne\Log.cpp">
      <Filter>Arachne</Filter>
    </ClCompile>
  </ItemGroup>
</Project>